<?xml version="1.0" encoding="utf-8"?>
<Project ToolsVersion="4.0" xmlns="http://schemas.microsoft.com/developer/msbuild/2003">
  <ItemGroup>
    <Filter Include="소스 파일">
      <UniqueIdentifier>{4FC737F1-C7A5-4376-A066-2A32D752A2FF}</UniqueIdentifier>
      <Extensions>cpp;c;cc;cxx;c++;cppm;ixx;def;odl;idl;hpj;bat;asm;asmx</Extensions>
    </Filter>
    <Filter Include="헤더 파일">
      <UniqueIdentifier>{93995380-89BD-4b04-88EB-625FBE52EBFB}</UniqueIdentifier>
      <Extensions>h;hh;hpp;hxx;h++;hm;inl;inc;ipp;xsd</Extensions>
    </Filter>
    <Filter Include="리소스 파일">
      <UniqueIdentifier>{67DA6AB6-F800-4c08-8B7A-83BB121AAD01}</UniqueIdentifier>
      <Extensions>rc;ico;cur;bmp;dlg;rc2;rct;bin;rgs;gif;jpg;jpeg;jpe;resx;tiff;tif;png;wav;mfcribbon-ms</Extensions>
    </Filter>
    <Filter Include="소스 파일\프로그래머스">
      <UniqueIdentifier>{ceeeae77-6486-40e9-a51a-54d3647e1e3d}</UniqueIdentifier>
    </Filter>
    <Filter Include="소스 파일\프로그래머스\Lv.0">
      <UniqueIdentifier>{65371b28-258f-4ec1-b5ec-d7d20c7f445c}</UniqueIdentifier>
    </Filter>
    <Filter Include="소스 파일\프로그래머스\Lv.1">
      <UniqueIdentifier>{a891b23e-184e-4d11-8947-10b791ac3a23}</UniqueIdentifier>
    </Filter>
    <Filter Include="소스 파일\프로그래머스\Lv.2">
      <UniqueIdentifier>{4acc4803-fb62-4b4c-9b35-5bf24e49a658}</UniqueIdentifier>
    </Filter>
    <Filter Include="소스 파일\프로그래머스\Lv.3">
      <UniqueIdentifier>{b25bdc41-3df1-4f24-b427-ea2a9b9fc56f}</UniqueIdentifier>
    </Filter>
  </ItemGroup>
  <ItemGroup>
    <ClCompile Include="다음에 올 숫자.cpp">
      <Filter>소스 파일\프로그래머스\Lv.0</Filter>
    </ClCompile>
    <ClCompile Include="연속된 수의 합.cpp">
      <Filter>소스 파일\프로그래머스\Lv.0</Filter>
    </ClCompile>
    <ClCompile Include="종이 자르기.cpp">
      <Filter>소스 파일\프로그래머스\Lv.0</Filter>
    </ClCompile>
    <ClCompile Include="덧칠하기.cpp">
      <Filter>소스 파일\프로그래머스\Lv.1</Filter>
    </ClCompile>
    <ClCompile Include="타겟넘버.cpp">
      <Filter>소스 파일\프로그래머스\Lv.2</Filter>
    </ClCompile>
    <ClCompile Include="네트워크.cpp">
      <Filter>소스 파일\프로그래머스\Lv.3</Filter>
    </ClCompile>
    <ClCompile Include="전력망을둘로나누기.cpp">
      <Filter>소스 파일\프로그래머스\Lv.2</Filter>
    </ClCompile>
    <ClCompile Include="정수삼각형.cpp">
      <Filter>소스 파일\프로그래머스\Lv.3</Filter>
    </ClCompile>
  </ItemGroup>
</Project>